// !$*UTF8*$!
{
	archiveVersion = 1;
	classes = {
	};
	objectVersion = 56;
	objects = {

/* Begin PBXBuildFile section */
		F0FB2C662AB8F39800C5A089 /* InstagramSwiftUIApp.swift in Sources */ = {isa = PBXBuildFile; fileRef = F0FB2C652AB8F39800C5A089 /* InstagramSwiftUIApp.swift */; };
		F0FB2C682AB8F39800C5A089 /* MainTabView.swift in Sources */ = {isa = PBXBuildFile; fileRef = F0FB2C672AB8F39800C5A089 /* MainTabView.swift */; };
		F0FB2C6A2AB8F39B00C5A089 /* Assets.xcassets in Resources */ = {isa = PBXBuildFile; fileRef = F0FB2C692AB8F39B00C5A089 /* Assets.xcassets */; };
		F0FB2C6D2AB8F39B00C5A089 /* Preview Assets.xcassets in Resources */ = {isa = PBXBuildFile; fileRef = F0FB2C6C2AB8F39B00C5A089 /* Preview Assets.xcassets */; };
		F0FB2C792AB8F53B00C5A089 /* ProfileView.swift in Sources */ = {isa = PBXBuildFile; fileRef = F0FB2C782AB8F53B00C5A089 /* ProfileView.swift */; };
		F0FB2C7C2AB8F5CB00C5A089 /* ProfileStatsView.swift in Sources */ = {isa = PBXBuildFile; fileRef = F0FB2C7B2AB8F5CB00C5A089 /* ProfileStatsView.swift */; };
		F0FB2C7E2AB9194300C5A089 /* HomeView.swift in Sources */ = {isa = PBXBuildFile; fileRef = F0FB2C7D2AB9194300C5A089 /* HomeView.swift */; };
		F0FB2C812AB9195B00C5A089 /* HomeItem.swift in Sources */ = {isa = PBXBuildFile; fileRef = F0FB2C802AB9195B00C5A089 /* HomeItem.swift */; };
/* End PBXBuildFile section */

/* Begin PBXFileReference section */
		F0FB2C622AB8F39800C5A089 /* InstagramSwiftUI.app */ = {isa = PBXFileReference; explicitFileType = wrapper.application; includeInIndex = 0; path = InstagramSwiftUI.app; sourceTree = BUILT_PRODUCTS_DIR; };
		F0FB2C652AB8F39800C5A089 /* InstagramSwiftUIApp.swift */ = {isa = PBXFileReference; lastKnownFileType = sourcecode.swift; path = InstagramSwiftUIApp.swift; sourceTree = "<group>"; };
		F0FB2C672AB8F39800C5A089 /* MainTabView.swift */ = {isa = PBXFileReference; lastKnownFileType = sourcecode.swift; path = MainTabView.swift; sourceTree = "<group>"; };
		F0FB2C692AB8F39B00C5A089 /* Assets.xcassets */ = {isa = PBXFileReference; lastKnownFileType = folder.assetcatalog; path = Assets.xcassets; sourceTree = "<group>"; };
		F0FB2C6C2AB8F39B00C5A089 /* Preview Assets.xcassets */ = {isa = PBXFileReference; lastKnownFileType = folder.assetcatalog; path = "Preview Assets.xcassets"; sourceTree = "<group>"; };
		F0FB2C782AB8F53B00C5A089 /* ProfileView.swift */ = {isa = PBXFileReference; lastKnownFileType = sourcecode.swift; path = ProfileView.swift; sourceTree = "<group>"; };
		F0FB2C7B2AB8F5CB00C5A089 /* ProfileStatsView.swift */ = {isa = PBXFileReference; lastKnownFileType = sourcecode.swift; path = ProfileStatsView.swift; sourceTree = "<group>"; };
		F0FB2C7D2AB9194300C5A089 /* HomeView.swift */ = {isa = PBXFileReference; lastKnownFileType = sourcecode.swift; path = HomeView.swift; sourceTree = "<group>"; };
		F0FB2C802AB9195B00C5A089 /* HomeItem.swift */ = {isa = PBXFileReference; lastKnownFileType = sourcecode.swift; path = HomeItem.swift; sourceTree = "<group>"; };
/* End PBXFileReference section */

/* Begin PBXFrameworksBuildPhase section */
		F0FB2C5F2AB8F39800C5A089 /* Frameworks */ = {
			isa = PBXFrameworksBuildPhase;
			buildActionMask = 2147483647;
			files = (
			);
			runOnlyForDeploymentPostprocessing = 0;
		};
/* End PBXFrameworksBuildPhase section */

/* Begin PBXGroup section */
		F0FB2C592AB8F39800C5A089 = {
			isa = PBXGroup;
			children = (
				F0FB2C642AB8F39800C5A089 /* InstagramSwiftUI */,
				F0FB2C632AB8F39800C5A089 /* Products */,
			);
			sourceTree = "<group>";
		};
		F0FB2C632AB8F39800C5A089 /* Products */ = {
			isa = PBXGroup;
			children = (
				F0FB2C622AB8F39800C5A089 /* InstagramSwiftUI.app */,
			);
			name = Products;
			sourceTree = "<group>";
		};
		F0FB2C642AB8F39800C5A089 /* InstagramSwiftUI */ = {
			isa = PBXGroup;
			children = (
				F0FB2C652AB8F39800C5A089 /* InstagramSwiftUIApp.swift */,
				F0FB2C732AB8F43C00C5A089 /* Core */,
				F0FB2C692AB8F39B00C5A089 /* Assets.xcassets */,
				F0FB2C6B2AB8F39B00C5A089 /* Preview Content */,
			);
			path = InstagramSwiftUI;
			sourceTree = "<group>";
		};
		F0FB2C6B2AB8F39B00C5A089 /* Preview Content */ = {
			isa = PBXGroup;
			children = (
				F0FB2C6C2AB8F39B00C5A089 /* Preview Assets.xcassets */,
			);
			path = "Preview Content";
			sourceTree = "<group>";
		};
		F0FB2C732AB8F43C00C5A089 /* Core */ = {
			isa = PBXGroup;
			children = (
				F0FB2C742AB8F44200C5A089 /* TabBar */,
				F0FB2C762AB8F45500C5A089 /* Home */,
				F0FB2C772AB8F45C00C5A089 /* Profile */,
			);
			path = Core;
			sourceTree = "<group>";
		};
		F0FB2C742AB8F44200C5A089 /* TabBar */ = {
			isa = PBXGroup;
			children = (
				F0FB2C672AB8F39800C5A089 /* MainTabView.swift */,
			);
			path = TabBar;
			sourceTree = "<group>";
		};
		F0FB2C762AB8F45500C5A089 /* Home */ = {
			isa = PBXGroup;
			children = (
				F0FB2C7D2AB9194300C5A089 /* HomeView.swift */,
				F0FB2C7F2AB9195000C5A089 /* SubViews */,
			);
			path = Home;
			sourceTree = "<group>";
		};
		F0FB2C772AB8F45C00C5A089 /* Profile */ = {
			isa = PBXGroup;
			children = (
				F0FB2C782AB8F53B00C5A089 /* ProfileView.swift */,
				F0FB2C7A2AB8F5B800C5A089 /* SubViews */,
			);
			path = Profile;
			sourceTree = "<group>";
		};
		F0FB2C7A2AB8F5B800C5A089 /* SubViews */ = {
			isa = PBXGroup;
			children = (
				F0FB2C7B2AB8F5CB00C5A089 /* ProfileStatsView.swift */,
			);
			path = SubViews;
			sourceTree = "<group>";
		};
		F0FB2C7F2AB9195000C5A089 /* SubViews */ = {
			isa = PBXGroup;
			children = (
				F0FB2C802AB9195B00C5A089 /* HomeItem.swift */,
			);
			path = SubViews;
			sourceTree = "<group>";
		};
/* End PBXGroup section */

/* Begin PBXNativeTarget section */
		F0FB2C612AB8F39800C5A089 /* InstagramSwiftUI */ = {
			isa = PBXNativeTarget;
			buildConfigurationList = F0FB2C702AB8F39B00C5A089 /* Build configuration list for PBXNativeTarget "InstagramSwiftUI" */;
			buildPhases = (
				F0FB2C5E2AB8F39800C5A089 /* Sources */,
				F0FB2C5F2AB8F39800C5A089 /* Frameworks */,
				F0FB2C602AB8F39800C5A089 /* Resources */,
			);
			buildRules = (
			);
			dependencies = (
			);
			name = InstagramSwiftUI;
			productName = InstagramSwiftUI;
			productReference = F0FB2C622AB8F39800C5A089 /* InstagramSwiftUI.app */;
			productType = "com.apple.product-type.application";
		};
/* End PBXNativeTarget section */

/* Begin PBXProject section */
		F0FB2C5A2AB8F39800C5A089 /* Project object */ = {
			isa = PBXProject;
			attributes = {
				BuildIndependentTargetsInParallel = 1;
				LastSwiftUpdateCheck = 1500;
				LastUpgradeCheck = 1500;
				TargetAttributes = {
					F0FB2C612AB8F39800C5A089 = {
						CreatedOnToolsVersion = 15.0;
					};
				};
			};
			buildConfigurationList = F0FB2C5D2AB8F39800C5A089 /* Build configuration list for PBXProject "InstagramSwiftUI" */;
			compatibilityVersion = "Xcode 14.0";
			developmentRegion = en;
			hasScannedForEncodings = 0;
			knownRegions = (
				en,
				Base,
			);
			mainGroup = F0FB2C592AB8F39800C5A089;
			productRefGroup = F0FB2C632AB8F39800C5A089 /* Products */;
			projectDirPath = "";
			projectRoot = "";
			targets = (
				F0FB2C612AB8F39800C5A089 /* InstagramSwiftUI */,
			);
		};
/* End PBXProject section */

/* Begin PBXResourcesBuildPhase section */
		F0FB2C602AB8F39800C5A089 /* Resources */ = {
			isa = PBXResourcesBuildPhase;
			buildActionMask = 2147483647;
			files = (
				F0FB2C6D2AB8F39B00C5A089 /* Preview Assets.xcassets in Resources */,
				F0FB2C6A2AB8F39B00C5A089 /* Assets.xcassets in Resources */,
			);
			runOnlyForDeploymentPostprocessing = 0;
		};
/* End PBXResourcesBuildPhase section */

/* Begin PBXSourcesBuildPhase section */
		F0FB2C5E2AB8F39800C5A089 /* Sources */ = {
			isa = PBXSourcesBuildPhase;
			buildActionMask = 2147483647;
			files = (
				F0FB2C7C2AB8F5CB00C5A089 /* ProfileStatsView.swift in Sources */,
				F0FB2C812AB9195B00C5A089 /* HomeItem.swift in Sources */,
				F0FB2C682AB8F39800C5A089 /* MainTabView.swift in Sources */,
				F0FB2C662AB8F39800C5A089 /* InstagramSwiftUIApp.swift in Sources */,
				F0FB2C7E2AB9194300C5A089 /* HomeView.swift in Sources */,
				F0FB2C792AB8F53B00C5A089 /* ProfileView.swift in Sources */,
			);
			runOnlyForDeploymentPostprocessing = 0;
		};
/* End PBXSourcesBuildPhase section */

/* Begin XCBuildConfiguration section */
		F0FB2C6E2AB8F39B00C5A089 /* Debug */ = {
			isa = XCBuildConfiguration;
			buildSettings = {
				ALWAYS_SEARCH_USER_PATHS = NO;
				ASSETCATALOG_COMPILER_GENERATE_SWIFT_ASSET_SYMBOL_EXTENSIONS = YES;
				CLANG_ANALYZER_NONNULL = YES;
				CLANG_ANALYZER_NUMBER_OBJECT_CONVERSION = YES_AGGRESSIVE;
				CLANG_CXX_LANGUAGE_STANDARD = "gnu++20";
				CLANG_ENABLE_MODULES = YES;
				CLANG_ENABLE_OBJC_ARC = YES;
				CLANG_ENABLE_OBJC_WEAK = YES;
				CLANG_WARN_BLOCK_CAPTURE_AUTORELEASING = YES;
				CLANG_WARN_BOOL_CONVERSION = YES;
				CLANG_WARN_COMMA = YES;
				CLANG_WARN_CONSTANT_CONVERSION = YES;
				CLANG_WARN_DEPRECATED_OBJC_IMPLEMENTATIONS = YES;
				CLANG_WARN_DIRECT_OBJC_ISA_USAGE = YES_ERROR;
				CLANG_WARN_DOCUMENTATION_COMMENTS = YES;
				CLANG_WARN_EMPTY_BODY = YES;
				CLANG_WARN_ENUM_CONVERSION = YES;
				CLANG_WARN_INFINITE_RECURSION = YES;
				CLANG_WARN_INT_CONVERSION = YES;
				CLANG_WARN_NON_LITERAL_NULL_CONVERSION = YES;
				CLANG_WARN_OBJC_IMPLICIT_RETAIN_SELF = YES;
				CLANG_WARN_OBJC_LITERAL_CONVERSION = YES;
				CLANG_WARN_OBJC_ROOT_CLASS = YES_ERROR;
				CLANG_WARN_QUOTED_INCLUDE_IN_FRAMEWORK_HEADER = YES;
				CLANG_WARN_RANGE_LOOP_ANALYSIS = YES;
				CLANG_WARN_STRICT_PROTOTYPES = YES;
				CLANG_WARN_SUSPICIOUS_MOVE = YES;
				CLANG_WARN_UNGUARDED_AVAILABILITY = YES_AGGRESSIVE;
				CLANG_WARN_UNREACHABLE_CODE = YES;
				CLANG_WARN__DUPLICATE_METHOD_MATCH = YES;
				COPY_PHASE_STRIP = NO;
				DEBUG_INFORMATION_FORMAT = dwarf;
				ENABLE_STRICT_OBJC_MSGSEND = YES;
				ENABLE_TESTABILITY = YES;
				ENABLE_USER_SCRIPT_SANDBOXING = YES;
				GCC_C_LANGUAGE_STANDARD = gnu17;
				GCC_DYNAMIC_NO_PIC = NO;
				GCC_NO_COMMON_BLOCKS = YES;
				GCC_OPTIMIZATION_LEVEL = 0;
				GCC_PREPROCESSOR_DEFINITIONS = (
					"DEBUG=1",
					"$(inherited)",
				);
				GCC_WARN_64_TO_32_BIT_CONVERSION = YES;
				GCC_WARN_ABOUT_RETURN_TYPE = YES_ERROR;
				GCC_WARN_UNDECLARED_SELECTOR = YES;
				GCC_WARN_UNINITIALIZED_AUTOS = YES_AGGRESSIVE;
				GCC_WARN_UNUSED_FUNCTION = YES;
				GCC_WARN_UNUSED_VARIABLE = YES;
				IPHONEOS_DEPLOYMENT_TARGET = 17.0;
				LOCALIZATION_PREFERS_STRING_CATALOGS = YES;
				MTL_ENABLE_DEBUG_INFO = INCLUDE_SOURCE;
				MTL_FAST_MATH = YES;
				ONLY_ACTIVE_ARCH = YES;
				SDKROOT = iphoneos;
				SWIFT_ACTIVE_COMPILATION_CONDITIONS = "DEBUG $(inherited)";
				SWIFT_OPTIMIZATION_LEVEL = "-Onone";
			};
			name = Debug;
		};
		F0FB2C6F2AB8F39B00C5A089 /* Release */ = {
			isa = XCBuildConfiguration;
			buildSettings = {
				ALWAYS_SEARCH_USER_PATHS = NO;
				ASSETCATALOG_COMPILER_GENERATE_SWIFT_ASSET_SYMBOL_EXTENSIONS = YES;
				CLANG_ANALYZER_NONNULL = YES;
				CLANG_ANALYZER_NUMBER_OBJECT_CONVERSION = YES_AGGRESSIVE;
				CLANG_CXX_LANGUAGE_STANDARD = "gnu++20";
				CLANG_ENABLE_MODULES = YES;
				CLANG_ENABLE_OBJC_ARC = YES;
				CLANG_ENABLE_OBJC_WEAK = YES;
				CLANG_WARN_BLOCK_CAPTURE_AUTORELEASING = YES;
				CLANG_WARN_BOOL_CONVERSION = YES;
				CLANG_WARN_COMMA = YES;
				CLANG_WARN_CONSTANT_CONVERSION = YES;
				CLANG_WARN_DEPRECATED_OBJC_IMPLEMENTATIONS = YES;
				CLANG_WARN_DIRECT_OBJC_ISA_USAGE = YES_ERROR;
				CLANG_WARN_DOCUMENTATION_COMMENTS = YES;
				CLANG_WARN_EMPTY_BODY = YES;
				CLANG_WARN_ENUM_CONVERSION = YES;
				CLANG_WARN_INFINITE_RECURSION = YES;
				CLANG_WARN_INT_CONVERSION = YES;
				CLANG_WARN_NON_LITERAL_NULL_CONVERSION = YES;
				CLANG_WARN_OBJC_IMPLICIT_RETAIN_SELF = YES;
				CLANG_WARN_OBJC_LITERAL_CONVERSION = YES;
				CLANG_WARN_OBJC_ROOT_CLASS = YES_ERROR;
				CLANG_WARN_QUOTED_INCLUDE_IN_FRAMEWORK_HEADER = YES;
				CLANG_WARN_RANGE_LOOP_ANALYSIS = YES;
				CLANG_WARN_STRICT_PROTOTYPES = YES;
				CLANG_WARN_SUSPICIOUS_MOVE = YES;
				CLANG_WARN_UNGUARDED_AVAILABILITY = YES_AGGRESSIVE;
				CLANG_WARN_UNREACHABLE_CODE = YES;
				CLANG_WARN__DUPLICATE_METHOD_MATCH = YES;
				COPY_PHASE_STRIP = NO;
				DEBUG_INFORMATION_FORMAT = "dwarf-with-dsym";
				ENABLE_NS_ASSERTIONS = NO;
				ENABLE_STRICT_OBJC_MSGSEND = YES;
				ENABLE_USER_SCRIPT_SANDBOXING = YES;
				GCC_C_LANGUAGE_STANDARD = gnu17;
				GCC_NO_COMMON_BLOCKS = YES;
				GCC_WARN_64_TO_32_BIT_CONVERSION = YES;
				GCC_WARN_ABOUT_RETURN_TYPE = YES_ERROR;
				GCC_WARN_UNDECLARED_SELECTOR = YES;
				GCC_WARN_UNINITIALIZED_AUTOS = YES_AGGRESSIVE;
				GCC_WARN_UNUSED_FUNCTION = YES;
				GCC_WARN_UNUSED_VARIABLE = YES;
				IPHONEOS_DEPLOYMENT_TARGET = 17.0;
				LOCALIZATION_PREFERS_STRING_CATALOGS = YES;
				MTL_ENABLE_DEBUG_INFO = NO;
				MTL_FAST_MATH = YES;
				SDKROOT = iphoneos;
				SWIFT_COMPILATION_MODE = wholemodule;
				VALIDATE_PRODUCT = YES;
			};
			name = Release;
		};
		F0FB2C712AB8F39B00C5A089 /* Debug */ = {
			isa = XCBuildConfiguration;
			buildSettings = {
				ASSETCATALOG_COMPILER_APPICON_NAME = AppIcon;
				ASSETCATALOG_COMPILER_GLOBAL_ACCENT_COLOR_NAME = AccentColor;
				CODE_SIGN_STYLE = Automatic;
				CURRENT_PROJECT_VERSION = 1;
				DEVELOPMENT_ASSET_PATHS = "\"InstagramSwiftUI/Preview Content\"";
				DEVELOPMENT_TEAM = 4J25GM6FG4;
				ENABLE_PREVIEWS = YES;
				GENERATE_INFOPLIST_FILE = YES;
				INFOPLIST_KEY_UIApplicationSceneManifest_Generation = YES;
				INFOPLIST_KEY_UIApplicationSupportsIndirectInputEvents = YES;
				INFOPLIST_KEY_UILaunchScreen_Generation = YES;
				INFOPLIST_KEY_UISupportedInterfaceOrientations_iPad = "UIInterfaceOrientationPortrait UIInterfaceOrientationPortraitUpsideDown UIInterfaceOrientationLandscapeLeft UIInterfaceOrientationLandscapeRight";
				INFOPLIST_KEY_UISupportedInterfaceOrientations_iPhone = "UIInterfaceOrientationPortrait UIInterfaceOrientationLandscapeLeft UIInterfaceOrientationLandscapeRight";
				LD_RUNPATH_SEARCH_PATHS = (
					"$(inherited)",
					"@executable_path/Frameworks",
				);
				MARKETING_VERSION = 1.0;
				PRODUCT_BUNDLE_IDENTIFIER = ozgunaksoy.InstagramSwiftUI;
				PRODUCT_NAME = "$(TARGET_NAME)";
				SWIFT_EMIT_LOC_STRINGS = YES;
				SWIFT_VERSION = 5.0;
				TARGETED_DEVICE_FAMILY = "1,2";
			};
			name = Debug;
		};
		F0FB2C722AB8F39B00C5A089 /* Release */ = {
			isa = XCBuildConfiguration;
			buildSettings = {
				ASSETCATALOG_COMPILER_APPICON_NAME = AppIcon;
				ASSETCATALOG_COMPILER_GLOBAL_ACCENT_COLOR_NAME = AccentColor;
				CODE_SIGN_STYLE = Automatic;
				CURRENT_PROJECT_VERSION = 1;
				DEVELOPMENT_ASSET_PATHS = "\"InstagramSwiftUI/Preview Content\"";
				DEVELOPMENT_TEAM = 4J25GM6FG4;
				ENABLE_PREVIEWS = YES;
				GENERATE_INFOPLIST_FILE = YES;
				INFOPLIST_KEY_UIApplicationSceneManifest_Generation = YES;
				INFOPLIST_KEY_UIApplicationSupportsIndirectInputEvents = YES;
				INFOPLIST_KEY_UILaunchScreen_Generation = YES;
				INFOPLIST_KEY_UISupportedInterfaceOrientations_iPad = "UIInterfaceOrientationPortrait UIInterfaceOrientationPortraitUpsideDown UIInterfaceOrientationLandscapeLeft UIInterfaceOrientationLandscapeRight";
				INFOPLIST_KEY_UISupportedInterfaceOrientations_iPhone = "UIInterfaceOrientationPortrait UIInterfaceOrientationLandscapeLeft UIInterfaceOrientationLandscapeRight";
				LD_RUNPATH_SEARCH_PATHS = (
					"$(inherited)",
					"@executable_path/Frameworks",
				);
				MARKETING_VERSION = 1.0;
				PRODUCT_BUNDLE_IDENTIFIER = ozgunaksoy.InstagramSwiftUI;
				PRODUCT_NAME = "$(TARGET_NAME)";
				SWIFT_EMIT_LOC_STRINGS = YES;
				SWIFT_VERSION = 5.0;
				TARGETED_DEVICE_FAMILY = "1,2";
			};
			name = Release;
		};
/* End XCBuildConfiguration section */

/* Begin XCConfigurationList section */
		F0FB2C5D2AB8F39800C5A089 /* Build configuration list for PBXProject "InstagramSwiftUI" */ = {
			isa = XCConfigurationList;
			buildConfigurations = (
				F0FB2C6E2AB8F39B00C5A089 /* Debug */,
				F0FB2C6F2AB8F39B00C5A089 /* Release */,
			);
			defaultConfigurationIsVisible = 0;
			defaultConfigurationName = Release;
		};
		F0FB2C702AB8F39B00C5A089 /* Build configuration list for PBXNativeTarget "InstagramSwiftUI" */ = {
			isa = XCConfigurationList;
			buildConfigurations = (
				F0FB2C712AB8F39B00C5A089 /* Debug */,
				F0FB2C722AB8F39B00C5A089 /* Release */,
			);
			defaultConfigurationIsVisible = 0;
			defaultConfigurationName = Release;
		};
/* End XCConfigurationList section */
	};
	rootObject = F0FB2C5A2AB8F39800C5A089 /* Project object */;
}
