// !$*UTF8*$!
{
	archiveVersion = 1;
	classes = {
	};
	objectVersion = 56;
	objects = {

/* Begin PBXBuildFile section */
		F008503B2ABF8A0C003BA8A4 /* SearchView.swift in Sources */ = {isa = PBXBuildFile; fileRef = F008503A2ABF8A0C003BA8A4 /* SearchView.swift */; };
		F008503D2ABF90EE003BA8A4 /* UserProfileView.swift in Sources */ = {isa = PBXBuildFile; fileRef = F008503C2ABF90EE003BA8A4 /* UserProfileView.swift */; };
		F00850402ABF9394003BA8A4 /* UserManager.swift in Sources */ = {isa = PBXBuildFile; fileRef = F008503F2ABF9394003BA8A4 /* UserManager.swift */; };
		F00850442ABF9B27003BA8A4 /* ProfileFactory.swift in Sources */ = {isa = PBXBuildFile; fileRef = F00850432ABF9B27003BA8A4 /* ProfileFactory.swift */; };
		F00850462ABF9D5A003BA8A4 /* EditProfileView.swift in Sources */ = {isa = PBXBuildFile; fileRef = F00850452ABF9D5A003BA8A4 /* EditProfileView.swift */; };
		F008D2E92AC0A97400D7ABC4 /* StorageManager.swift in Sources */ = {isa = PBXBuildFile; fileRef = F008D2E82AC0A97400D7ABC4 /* StorageManager.swift */; };
		F008D2EC2AC0DD2300D7ABC4 /* Kingfisher in Frameworks */ = {isa = PBXBuildFile; productRef = F008D2EB2AC0DD2300D7ABC4 /* Kingfisher */; };
		F008D2EE2AC0DE0B00D7ABC4 /* IGCircularProfileImageView.swift in Sources */ = {isa = PBXBuildFile; fileRef = F008D2ED2AC0DE0B00D7ABC4 /* IGCircularProfileImageView.swift */; };
		F008D2F02AC0E4E200D7ABC4 /* Post.swift in Sources */ = {isa = PBXBuildFile; fileRef = F008D2EF2AC0E4E200D7ABC4 /* Post.swift */; };
		F01B60E42AC11F670049E7FD /* PostManager.swift in Sources */ = {isa = PBXBuildFile; fileRef = F01B60E32AC11F670049E7FD /* PostManager.swift */; };
		F01B60E62AC121B10049E7FD /* PostGridView.swift in Sources */ = {isa = PBXBuildFile; fileRef = F01B60E52AC121B10049E7FD /* PostGridView.swift */; };
		F01B60E82AC13E940049E7FD /* SearchViewModel.swift in Sources */ = {isa = PBXBuildFile; fileRef = F01B60E72AC13E940049E7FD /* SearchViewModel.swift */; };
		F01B60EA2AC13EC30049E7FD /* RootViewModel.swift in Sources */ = {isa = PBXBuildFile; fileRef = F01B60E92AC13EC30049E7FD /* RootViewModel.swift */; };
		F01B60EC2AC13EFD0049E7FD /* UploadViewModel.swift in Sources */ = {isa = PBXBuildFile; fileRef = F01B60EB2AC13EFD0049E7FD /* UploadViewModel.swift */; };
		F01B60EE2AC13F750049E7FD /* HomeViewModel.swift in Sources */ = {isa = PBXBuildFile; fileRef = F01B60ED2AC13F750049E7FD /* HomeViewModel.swift */; };
		F01B60F22AC140000049E7FD /* ProfileHeaderView.swift in Sources */ = {isa = PBXBuildFile; fileRef = F01B60F12AC140000049E7FD /* ProfileHeaderView.swift */; };
		F01B60F42AC141570049E7FD /* PostGridViewModel.swift in Sources */ = {isa = PBXBuildFile; fileRef = F01B60F32AC141570049E7FD /* PostGridViewModel.swift */; };
		F01B60F72AC153400049E7FD /* ProfileViewModel.swift in Sources */ = {isa = PBXBuildFile; fileRef = F01B60F62AC153400049E7FD /* ProfileViewModel.swift */; };
		F01B60FA2AC15ACC0049E7FD /* EditProfileViewModel.swift in Sources */ = {isa = PBXBuildFile; fileRef = F01B60F92AC15ACC0049E7FD /* EditProfileViewModel.swift */; };
		F01B60FD2AC164D40049E7FD /* PostsView.swift in Sources */ = {isa = PBXBuildFile; fileRef = F01B60FC2AC164D40049E7FD /* PostsView.swift */; };
		F01B60FF2AC1691E0049E7FD /* PostsViewModel.swift in Sources */ = {isa = PBXBuildFile; fileRef = F01B60FE2AC1691E0049E7FD /* PostsViewModel.swift */; };
		F01B61052AC1F3440049E7FD /* Comment.swift in Sources */ = {isa = PBXBuildFile; fileRef = F01B61042AC1F3440049E7FD /* Comment.swift */; };
		F03E2ED22AC2040B000724D4 /* CommentView.swift in Sources */ = {isa = PBXBuildFile; fileRef = F03E2ED12AC2040B000724D4 /* CommentView.swift */; };
		F03E2ED42AC23AB4000724D4 /* HomeItemViewModel.swift in Sources */ = {isa = PBXBuildFile; fileRef = F03E2ED32AC23AB4000724D4 /* HomeItemViewModel.swift */; };
		F03E2ED62AC23AFB000724D4 /* CommentViewModel.swift in Sources */ = {isa = PBXBuildFile; fileRef = F03E2ED52AC23AFB000724D4 /* CommentViewModel.swift */; };
		F03E2ED82AC23B38000724D4 /* UserProfileViewModel.swift in Sources */ = {isa = PBXBuildFile; fileRef = F03E2ED72AC23B38000724D4 /* UserProfileViewModel.swift */; };
		F0A4C5722ABD5ABE003E4B62 /* UploadView.swift in Sources */ = {isa = PBXBuildFile; fileRef = F0A4C5712ABD5ABE003E4B62 /* UploadView.swift */; };
		F0A4C5762ABD627A003E4B62 /* LoginView.swift in Sources */ = {isa = PBXBuildFile; fileRef = F0A4C5752ABD627A003E4B62 /* LoginView.swift */; };
		F0A4C5792ABD67BA003E4B62 /* IGTextFieldModifier.swift in Sources */ = {isa = PBXBuildFile; fileRef = F0A4C5782ABD67BA003E4B62 /* IGTextFieldModifier.swift */; };
		F0A4C57B2ABD6868003E4B62 /* AddEmailView.swift in Sources */ = {isa = PBXBuildFile; fileRef = F0A4C57A2ABD6868003E4B62 /* AddEmailView.swift */; };
		F0A4C57D2ABD6A76003E4B62 /* CreateUsernameView.swift in Sources */ = {isa = PBXBuildFile; fileRef = F0A4C57C2ABD6A76003E4B62 /* CreateUsernameView.swift */; };
		F0A4C57F2ABD6B41003E4B62 /* PasswordView.swift in Sources */ = {isa = PBXBuildFile; fileRef = F0A4C57E2ABD6B41003E4B62 /* PasswordView.swift */; };
		F0A4C5812ABD6C07003E4B62 /* CompleteSignUpView.swift in Sources */ = {isa = PBXBuildFile; fileRef = F0A4C5802ABD6C07003E4B62 /* CompleteSignUpView.swift */; };
		F0A4C5852ABF375A003E4B62 /* GoogleService-Info.plist in Resources */ = {isa = PBXBuildFile; fileRef = F0A4C5842ABF375A003E4B62 /* GoogleService-Info.plist */; };
		F0A4C5882ABF3772003E4B62 /* FirebaseAnalytics in Frameworks */ = {isa = PBXBuildFile; productRef = F0A4C5872ABF3772003E4B62 /* FirebaseAnalytics */; };
		F0A4C58A2ABF3772003E4B62 /* FirebaseAnalyticsOnDeviceConversion in Frameworks */ = {isa = PBXBuildFile; productRef = F0A4C5892ABF3772003E4B62 /* FirebaseAnalyticsOnDeviceConversion */; };
		F0A4C58C2ABF3772003E4B62 /* FirebaseAnalyticsSwift in Frameworks */ = {isa = PBXBuildFile; productRef = F0A4C58B2ABF3772003E4B62 /* FirebaseAnalyticsSwift */; };
		F0A4C58E2ABF3772003E4B62 /* FirebaseAnalyticsWithoutAdIdSupport in Frameworks */ = {isa = PBXBuildFile; productRef = F0A4C58D2ABF3772003E4B62 /* FirebaseAnalyticsWithoutAdIdSupport */; };
		F0A4C5902ABF3772003E4B62 /* FirebaseAppCheck in Frameworks */ = {isa = PBXBuildFile; productRef = F0A4C58F2ABF3772003E4B62 /* FirebaseAppCheck */; };
		F0A4C5922ABF3772003E4B62 /* FirebaseAppDistribution-Beta in Frameworks */ = {isa = PBXBuildFile; productRef = F0A4C5912ABF3772003E4B62 /* FirebaseAppDistribution-Beta */; };
		F0A4C5942ABF3772003E4B62 /* FirebaseAuth in Frameworks */ = {isa = PBXBuildFile; productRef = F0A4C5932ABF3772003E4B62 /* FirebaseAuth */; };
		F0A4C5962ABF3772003E4B62 /* FirebaseAuthCombine-Community in Frameworks */ = {isa = PBXBuildFile; productRef = F0A4C5952ABF3772003E4B62 /* FirebaseAuthCombine-Community */; };
		F0A4C5982ABF3772003E4B62 /* FirebaseCrashlytics in Frameworks */ = {isa = PBXBuildFile; productRef = F0A4C5972ABF3772003E4B62 /* FirebaseCrashlytics */; };
		F0A4C59A2ABF3772003E4B62 /* FirebaseDatabase in Frameworks */ = {isa = PBXBuildFile; productRef = F0A4C5992ABF3772003E4B62 /* FirebaseDatabase */; };
		F0A4C59C2ABF3772003E4B62 /* FirebaseDatabaseSwift in Frameworks */ = {isa = PBXBuildFile; productRef = F0A4C59B2ABF3772003E4B62 /* FirebaseDatabaseSwift */; };
		F0A4C59E2ABF3772003E4B62 /* FirebaseDynamicLinks in Frameworks */ = {isa = PBXBuildFile; productRef = F0A4C59D2ABF3772003E4B62 /* FirebaseDynamicLinks */; };
		F0A4C5A02ABF3772003E4B62 /* FirebaseFirestore in Frameworks */ = {isa = PBXBuildFile; productRef = F0A4C59F2ABF3772003E4B62 /* FirebaseFirestore */; };
		F0A4C5A22ABF3772003E4B62 /* FirebaseFirestoreCombine-Community in Frameworks */ = {isa = PBXBuildFile; productRef = F0A4C5A12ABF3772003E4B62 /* FirebaseFirestoreCombine-Community */; };
		F0A4C5A42ABF3772003E4B62 /* FirebaseFirestoreSwift in Frameworks */ = {isa = PBXBuildFile; productRef = F0A4C5A32ABF3772003E4B62 /* FirebaseFirestoreSwift */; };
		F0A4C5A62ABF3772003E4B62 /* FirebaseFunctions in Frameworks */ = {isa = PBXBuildFile; productRef = F0A4C5A52ABF3772003E4B62 /* FirebaseFunctions */; };
		F0A4C5A82ABF3772003E4B62 /* FirebaseFunctionsCombine-Community in Frameworks */ = {isa = PBXBuildFile; productRef = F0A4C5A72ABF3772003E4B62 /* FirebaseFunctionsCombine-Community */; };
		F0A4C5AA2ABF3772003E4B62 /* FirebaseInAppMessaging-Beta in Frameworks */ = {isa = PBXBuildFile; productRef = F0A4C5A92ABF3772003E4B62 /* FirebaseInAppMessaging-Beta */; };
		F0A4C5AC2ABF3772003E4B62 /* FirebaseInAppMessagingSwift-Beta in Frameworks */ = {isa = PBXBuildFile; productRef = F0A4C5AB2ABF3772003E4B62 /* FirebaseInAppMessagingSwift-Beta */; };
		F0A4C5AE2ABF3772003E4B62 /* FirebaseInstallations in Frameworks */ = {isa = PBXBuildFile; productRef = F0A4C5AD2ABF3772003E4B62 /* FirebaseInstallations */; };
		F0A4C5B02ABF3772003E4B62 /* FirebaseMLModelDownloader in Frameworks */ = {isa = PBXBuildFile; productRef = F0A4C5AF2ABF3772003E4B62 /* FirebaseMLModelDownloader */; };
		F0A4C5B22ABF3772003E4B62 /* FirebaseMessaging in Frameworks */ = {isa = PBXBuildFile; productRef = F0A4C5B12ABF3772003E4B62 /* FirebaseMessaging */; };
		F0A4C5B42ABF3772003E4B62 /* FirebasePerformance in Frameworks */ = {isa = PBXBuildFile; productRef = F0A4C5B32ABF3772003E4B62 /* FirebasePerformance */; };
		F0A4C5B62ABF3772003E4B62 /* FirebaseRemoteConfig in Frameworks */ = {isa = PBXBuildFile; productRef = F0A4C5B52ABF3772003E4B62 /* FirebaseRemoteConfig */; };
		F0A4C5B82ABF3772003E4B62 /* FirebaseRemoteConfigSwift in Frameworks */ = {isa = PBXBuildFile; productRef = F0A4C5B72ABF3772003E4B62 /* FirebaseRemoteConfigSwift */; };
		F0A4C5BA2ABF3772003E4B62 /* FirebaseStorage in Frameworks */ = {isa = PBXBuildFile; productRef = F0A4C5B92ABF3772003E4B62 /* FirebaseStorage */; };
		F0A4C5BC2ABF3772003E4B62 /* FirebaseStorageCombine-Community in Frameworks */ = {isa = PBXBuildFile; productRef = F0A4C5BB2ABF3772003E4B62 /* FirebaseStorageCombine-Community */; };
		F0A4C5C32ABF3904003E4B62 /* AuthService.swift in Sources */ = {isa = PBXBuildFile; fileRef = F0A4C5C22ABF3904003E4B62 /* AuthService.swift */; };
		F0A4C5C72ABF39D7003E4B62 /* RootView.swift in Sources */ = {isa = PBXBuildFile; fileRef = F0A4C5C62ABF39D7003E4B62 /* RootView.swift */; };
		F0A4C5C92ABF3C18003E4B62 /* RegistrationViewModel.swift in Sources */ = {isa = PBXBuildFile; fileRef = F0A4C5C82ABF3C18003E4B62 /* RegistrationViewModel.swift */; };
		F0A4C5CB2ABF4564003E4B62 /* LoginViewModel.swift in Sources */ = {isa = PBXBuildFile; fileRef = F0A4C5CA2ABF4564003E4B62 /* LoginViewModel.swift */; };
		F0A4C5D02ABF4786003E4B62 /* User.swift in Sources */ = {isa = PBXBuildFile; fileRef = F0A4C5CF2ABF4786003E4B62 /* User.swift */; };
		F0FB2C662AB8F39800C5A089 /* InstagramSwiftUIApp.swift in Sources */ = {isa = PBXBuildFile; fileRef = F0FB2C652AB8F39800C5A089 /* InstagramSwiftUIApp.swift */; };
		F0FB2C682AB8F39800C5A089 /* MainTabView.swift in Sources */ = {isa = PBXBuildFile; fileRef = F0FB2C672AB8F39800C5A089 /* MainTabView.swift */; };
		F0FB2C6A2AB8F39B00C5A089 /* Assets.xcassets in Resources */ = {isa = PBXBuildFile; fileRef = F0FB2C692AB8F39B00C5A089 /* Assets.xcassets */; };
		F0FB2C6D2AB8F39B00C5A089 /* Preview Assets.xcassets in Resources */ = {isa = PBXBuildFile; fileRef = F0FB2C6C2AB8F39B00C5A089 /* Preview Assets.xcassets */; };
		F0FB2C792AB8F53B00C5A089 /* ProfileView.swift in Sources */ = {isa = PBXBuildFile; fileRef = F0FB2C782AB8F53B00C5A089 /* ProfileView.swift */; };
		F0FB2C7C2AB8F5CB00C5A089 /* ProfileStatsView.swift in Sources */ = {isa = PBXBuildFile; fileRef = F0FB2C7B2AB8F5CB00C5A089 /* ProfileStatsView.swift */; };
		F0FB2C7E2AB9194300C5A089 /* HomeView.swift in Sources */ = {isa = PBXBuildFile; fileRef = F0FB2C7D2AB9194300C5A089 /* HomeView.swift */; };
		F0FB2C812AB9195B00C5A089 /* HomeItemView.swift in Sources */ = {isa = PBXBuildFile; fileRef = F0FB2C802AB9195B00C5A089 /* HomeItemView.swift */; };
/* End PBXBuildFile section */

/* Begin PBXFileReference section */
		F008503A2ABF8A0C003BA8A4 /* SearchView.swift */ = {isa = PBXFileReference; lastKnownFileType = sourcecode.swift; path = SearchView.swift; sourceTree = "<group>"; };
		F008503C2ABF90EE003BA8A4 /* UserProfileView.swift */ = {isa = PBXFileReference; lastKnownFileType = sourcecode.swift; path = UserProfileView.swift; sourceTree = "<group>"; };
		F008503F2ABF9394003BA8A4 /* UserManager.swift */ = {isa = PBXFileReference; lastKnownFileType = sourcecode.swift; path = UserManager.swift; sourceTree = "<group>"; };
		F00850432ABF9B27003BA8A4 /* ProfileFactory.swift */ = {isa = PBXFileReference; lastKnownFileType = sourcecode.swift; path = ProfileFactory.swift; sourceTree = "<group>"; };
		F00850452ABF9D5A003BA8A4 /* EditProfileView.swift */ = {isa = PBXFileReference; lastKnownFileType = sourcecode.swift; path = EditProfileView.swift; sourceTree = "<group>"; };
		F008D2E82AC0A97400D7ABC4 /* StorageManager.swift */ = {isa = PBXFileReference; lastKnownFileType = sourcecode.swift; path = StorageManager.swift; sourceTree = "<group>"; };
		F008D2ED2AC0DE0B00D7ABC4 /* IGCircularProfileImageView.swift */ = {isa = PBXFileReference; lastKnownFileType = sourcecode.swift; path = IGCircularProfileImageView.swift; sourceTree = "<group>"; };
		F008D2EF2AC0E4E200D7ABC4 /* Post.swift */ = {isa = PBXFileReference; lastKnownFileType = sourcecode.swift; path = Post.swift; sourceTree = "<group>"; };
		F01B60E32AC11F670049E7FD /* PostManager.swift */ = {isa = PBXFileReference; lastKnownFileType = sourcecode.swift; path = PostManager.swift; sourceTree = "<group>"; };
		F01B60E52AC121B10049E7FD /* PostGridView.swift */ = {isa = PBXFileReference; lastKnownFileType = sourcecode.swift; path = PostGridView.swift; sourceTree = "<group>"; };
		F01B60E72AC13E940049E7FD /* SearchViewModel.swift */ = {isa = PBXFileReference; lastKnownFileType = sourcecode.swift; path = SearchViewModel.swift; sourceTree = "<group>"; };
		F01B60E92AC13EC30049E7FD /* RootViewModel.swift */ = {isa = PBXFileReference; lastKnownFileType = sourcecode.swift; path = RootViewModel.swift; sourceTree = "<group>"; };
		F01B60EB2AC13EFD0049E7FD /* UploadViewModel.swift */ = {isa = PBXFileReference; lastKnownFileType = sourcecode.swift; path = UploadViewModel.swift; sourceTree = "<group>"; };
		F01B60ED2AC13F750049E7FD /* HomeViewModel.swift */ = {isa = PBXFileReference; lastKnownFileType = sourcecode.swift; path = HomeViewModel.swift; sourceTree = "<group>"; };
		F01B60F12AC140000049E7FD /* ProfileHeaderView.swift */ = {isa = PBXFileReference; lastKnownFileType = sourcecode.swift; path = ProfileHeaderView.swift; sourceTree = "<group>"; };
		F01B60F32AC141570049E7FD /* PostGridViewModel.swift */ = {isa = PBXFileReference; lastKnownFileType = sourcecode.swift; path = PostGridViewModel.swift; sourceTree = "<group>"; };
		F01B60F62AC153400049E7FD /* ProfileViewModel.swift */ = {isa = PBXFileReference; lastKnownFileType = sourcecode.swift; path = ProfileViewModel.swift; sourceTree = "<group>"; };
		F01B60F92AC15ACC0049E7FD /* EditProfileViewModel.swift */ = {isa = PBXFileReference; lastKnownFileType = sourcecode.swift; path = EditProfileViewModel.swift; sourceTree = "<group>"; };
		F01B60FC2AC164D40049E7FD /* PostsView.swift */ = {isa = PBXFileReference; lastKnownFileType = sourcecode.swift; path = PostsView.swift; sourceTree = "<group>"; };
		F01B60FE2AC1691E0049E7FD /* PostsViewModel.swift */ = {isa = PBXFileReference; lastKnownFileType = sourcecode.swift; path = PostsViewModel.swift; sourceTree = "<group>"; };
		F01B61042AC1F3440049E7FD /* Comment.swift */ = {isa = PBXFileReference; lastKnownFileType = sourcecode.swift; path = Comment.swift; sourceTree = "<group>"; };
		F03E2ED12AC2040B000724D4 /* CommentView.swift */ = {isa = PBXFileReference; lastKnownFileType = sourcecode.swift; path = CommentView.swift; sourceTree = "<group>"; };
		F03E2ED32AC23AB4000724D4 /* HomeItemViewModel.swift */ = {isa = PBXFileReference; lastKnownFileType = sourcecode.swift; path = HomeItemViewModel.swift; sourceTree = "<group>"; };
		F03E2ED52AC23AFB000724D4 /* CommentViewModel.swift */ = {isa = PBXFileReference; lastKnownFileType = sourcecode.swift; path = CommentViewModel.swift; sourceTree = "<group>"; };
		F03E2ED72AC23B38000724D4 /* UserProfileViewModel.swift */ = {isa = PBXFileReference; lastKnownFileType = sourcecode.swift; path = UserProfileViewModel.swift; sourceTree = "<group>"; };
		F0A4C5712ABD5ABE003E4B62 /* UploadView.swift */ = {isa = PBXFileReference; lastKnownFileType = sourcecode.swift; path = UploadView.swift; sourceTree = "<group>"; };
		F0A4C5752ABD627A003E4B62 /* LoginView.swift */ = {isa = PBXFileReference; lastKnownFileType = sourcecode.swift; path = LoginView.swift; sourceTree = "<group>"; };
		F0A4C5782ABD67BA003E4B62 /* IGTextFieldModifier.swift */ = {isa = PBXFileReference; lastKnownFileType = sourcecode.swift; path = IGTextFieldModifier.swift; sourceTree = "<group>"; };
		F0A4C57A2ABD6868003E4B62 /* AddEmailView.swift */ = {isa = PBXFileReference; lastKnownFileType = sourcecode.swift; path = AddEmailView.swift; sourceTree = "<group>"; };
		F0A4C57C2ABD6A76003E4B62 /* CreateUsernameView.swift */ = {isa = PBXFileReference; lastKnownFileType = sourcecode.swift; path = CreateUsernameView.swift; sourceTree = "<group>"; };
		F0A4C57E2ABD6B41003E4B62 /* PasswordView.swift */ = {isa = PBXFileReference; lastKnownFileType = sourcecode.swift; path = PasswordView.swift; sourceTree = "<group>"; };
		F0A4C5802ABD6C07003E4B62 /* CompleteSignUpView.swift */ = {isa = PBXFileReference; lastKnownFileType = sourcecode.swift; path = CompleteSignUpView.swift; sourceTree = "<group>"; };
		F0A4C5842ABF375A003E4B62 /* GoogleService-Info.plist */ = {isa = PBXFileReference; fileEncoding = 4; lastKnownFileType = text.plist.xml; path = "GoogleService-Info.plist"; sourceTree = "<group>"; };
		F0A4C5C22ABF3904003E4B62 /* AuthService.swift */ = {isa = PBXFileReference; lastKnownFileType = sourcecode.swift; path = AuthService.swift; sourceTree = "<group>"; };
		F0A4C5C62ABF39D7003E4B62 /* RootView.swift */ = {isa = PBXFileReference; lastKnownFileType = sourcecode.swift; path = RootView.swift; sourceTree = "<group>"; };
		F0A4C5C82ABF3C18003E4B62 /* RegistrationViewModel.swift */ = {isa = PBXFileReference; lastKnownFileType = sourcecode.swift; path = RegistrationViewModel.swift; sourceTree = "<group>"; };
		F0A4C5CA2ABF4564003E4B62 /* LoginViewModel.swift */ = {isa = PBXFileReference; lastKnownFileType = sourcecode.swift; path = LoginViewModel.swift; sourceTree = "<group>"; };
		F0A4C5CF2ABF4786003E4B62 /* User.swift */ = {isa = PBXFileReference; lastKnownFileType = sourcecode.swift; path = User.swift; sourceTree = "<group>"; };
		F0FB2C622AB8F39800C5A089 /* InstagramSwiftUI.app */ = {isa = PBXFileReference; explicitFileType = wrapper.application; includeInIndex = 0; path = InstagramSwiftUI.app; sourceTree = BUILT_PRODUCTS_DIR; };
		F0FB2C652AB8F39800C5A089 /* InstagramSwiftUIApp.swift */ = {isa = PBXFileReference; lastKnownFileType = sourcecode.swift; path = InstagramSwiftUIApp.swift; sourceTree = "<group>"; };
		F0FB2C672AB8F39800C5A089 /* MainTabView.swift */ = {isa = PBXFileReference; lastKnownFileType = sourcecode.swift; path = MainTabView.swift; sourceTree = "<group>"; };
		F0FB2C692AB8F39B00C5A089 /* Assets.xcassets */ = {isa = PBXFileReference; lastKnownFileType = folder.assetcatalog; path = Assets.xcassets; sourceTree = "<group>"; };
		F0FB2C6C2AB8F39B00C5A089 /* Preview Assets.xcassets */ = {isa = PBXFileReference; lastKnownFileType = folder.assetcatalog; path = "Preview Assets.xcassets"; sourceTree = "<group>"; };
		F0FB2C782AB8F53B00C5A089 /* ProfileView.swift */ = {isa = PBXFileReference; lastKnownFileType = sourcecode.swift; path = ProfileView.swift; sourceTree = "<group>"; };
		F0FB2C7B2AB8F5CB00C5A089 /* ProfileStatsView.swift */ = {isa = PBXFileReference; lastKnownFileType = sourcecode.swift; path = ProfileStatsView.swift; sourceTree = "<group>"; };
		F0FB2C7D2AB9194300C5A089 /* HomeView.swift */ = {isa = PBXFileReference; lastKnownFileType = sourcecode.swift; path = HomeView.swift; sourceTree = "<group>"; };
		F0FB2C802AB9195B00C5A089 /* HomeItemView.swift */ = {isa = PBXFileReference; lastKnownFileType = sourcecode.swift; path = HomeItemView.swift; sourceTree = "<group>"; };
/* End PBXFileReference section */

/* Begin PBXFrameworksBuildPhase section */
		F0FB2C5F2AB8F39800C5A089 /* Frameworks */ = {
			isa = PBXFrameworksBuildPhase;
			buildActionMask = 2147483647;
			files = (
				F0A4C59A2ABF3772003E4B62 /* FirebaseDatabase in Frameworks */,
				F0A4C5A82ABF3772003E4B62 /* FirebaseFunctionsCombine-Community in Frameworks */,
				F0A4C5A02ABF3772003E4B62 /* FirebaseFirestore in Frameworks */,
				F0A4C58C2ABF3772003E4B62 /* FirebaseAnalyticsSwift in Frameworks */,
				F0A4C5882ABF3772003E4B62 /* FirebaseAnalytics in Frameworks */,
				F0A4C58A2ABF3772003E4B62 /* FirebaseAnalyticsOnDeviceConversion in Frameworks */,
				F0A4C5B02ABF3772003E4B62 /* FirebaseMLModelDownloader in Frameworks */,
				F0A4C5A42ABF3772003E4B62 /* FirebaseFirestoreSwift in Frameworks */,
				F0A4C5902ABF3772003E4B62 /* FirebaseAppCheck in Frameworks */,
				F0A4C58E2ABF3772003E4B62 /* FirebaseAnalyticsWithoutAdIdSupport in Frameworks */,
				F0A4C5942ABF3772003E4B62 /* FirebaseAuth in Frameworks */,
				F0A4C5982ABF3772003E4B62 /* FirebaseCrashlytics in Frameworks */,
				F0A4C5B82ABF3772003E4B62 /* FirebaseRemoteConfigSwift in Frameworks */,
				F0A4C5AA2ABF3772003E4B62 /* FirebaseInAppMessaging-Beta in Frameworks */,
				F0A4C59C2ABF3772003E4B62 /* FirebaseDatabaseSwift in Frameworks */,
				F0A4C5A62ABF3772003E4B62 /* FirebaseFunctions in Frameworks */,
				F008D2EC2AC0DD2300D7ABC4 /* Kingfisher in Frameworks */,
				F0A4C5BC2ABF3772003E4B62 /* FirebaseStorageCombine-Community in Frameworks */,
				F0A4C5B62ABF3772003E4B62 /* FirebaseRemoteConfig in Frameworks */,
				F0A4C5922ABF3772003E4B62 /* FirebaseAppDistribution-Beta in Frameworks */,
				F0A4C5962ABF3772003E4B62 /* FirebaseAuthCombine-Community in Frameworks */,
				F0A4C5B42ABF3772003E4B62 /* FirebasePerformance in Frameworks */,
				F0A4C5AC2ABF3772003E4B62 /* FirebaseInAppMessagingSwift-Beta in Frameworks */,
				F0A4C5BA2ABF3772003E4B62 /* FirebaseStorage in Frameworks */,
				F0A4C59E2ABF3772003E4B62 /* FirebaseDynamicLinks in Frameworks */,
				F0A4C5A22ABF3772003E4B62 /* FirebaseFirestoreCombine-Community in Frameworks */,
				F0A4C5B22ABF3772003E4B62 /* FirebaseMessaging in Frameworks */,
				F0A4C5AE2ABF3772003E4B62 /* FirebaseInstallations in Frameworks */,
			);
			runOnlyForDeploymentPostprocessing = 0;
		};
/* End PBXFrameworksBuildPhase section */

/* Begin PBXGroup section */
		F00850392ABF89FC003BA8A4 /* Search */ = {
			isa = PBXGroup;
			children = (
				F008503A2ABF8A0C003BA8A4 /* SearchView.swift */,
				F01B60E72AC13E940049E7FD /* SearchViewModel.swift */,
			);
			path = Search;
			sourceTree = "<group>";
		};
		F008503E2ABF9382003BA8A4 /* Managers */ = {
			isa = PBXGroup;
			children = (
				F008503F2ABF9394003BA8A4 /* UserManager.swift */,
				F008D2E82AC0A97400D7ABC4 /* StorageManager.swift */,
				F01B60E32AC11F670049E7FD /* PostManager.swift */,
			);
			path = Managers;
			sourceTree = "<group>";
		};
		F01B60F52AC1422A0049E7FD /* Register */ = {
			isa = PBXGroup;
			children = (
				F0A4C57A2ABD6868003E4B62 /* AddEmailView.swift */,
				F0A4C57C2ABD6A76003E4B62 /* CreateUsernameView.swift */,
				F0A4C57E2ABD6B41003E4B62 /* PasswordView.swift */,
				F0A4C5802ABD6C07003E4B62 /* CompleteSignUpView.swift */,
			);
			path = Register;
			sourceTree = "<group>";
		};
		F01B60FB2AC164C80049E7FD /* Posts */ = {
			isa = PBXGroup;
			children = (
				F01B60FC2AC164D40049E7FD /* PostsView.swift */,
				F01B60FE2AC1691E0049E7FD /* PostsViewModel.swift */,
			);
			path = Posts;
			sourceTree = "<group>";
		};
		F01B61032AC1F3330049E7FD /* Comment */ = {
			isa = PBXGroup;
			children = (
				F01B61042AC1F3440049E7FD /* Comment.swift */,
			);
			path = Comment;
			sourceTree = "<group>";
		};
		F0A4C5702ABD5AAE003E4B62 /* Upload */ = {
			isa = PBXGroup;
			children = (
				F0A4C5712ABD5ABE003E4B62 /* UploadView.swift */,
				F01B60EB2AC13EFD0049E7FD /* UploadViewModel.swift */,
			);
			name = Upload;
			sourceTree = "<group>";
		};
		F0A4C5732ABD625E003E4B62 /* Login */ = {
			isa = PBXGroup;
			children = (
				F0A4C5752ABD627A003E4B62 /* LoginView.swift */,
			);
			path = Login;
			sourceTree = "<group>";
		};
		F0A4C5772ABD67A0003E4B62 /* Components */ = {
			isa = PBXGroup;
			children = (
				F0A4C5782ABD67BA003E4B62 /* IGTextFieldModifier.swift */,
				F008D2ED2AC0DE0B00D7ABC4 /* IGCircularProfileImageView.swift */,
			);
			path = Components;
			sourceTree = "<group>";
		};
		F0A4C5BE2ABF38C0003E4B62 /* Authentication */ = {
			isa = PBXGroup;
			children = (
				F0A4C5C12ABF38F4003E4B62 /* ViewModel */,
				F0A4C5C02ABF38E4003E4B62 /* Service */,
				F0A4C5BF2ABF38DF003E4B62 /* View */,
			);
			path = Authentication;
			sourceTree = "<group>";
		};
		F0A4C5BF2ABF38DF003E4B62 /* View */ = {
			isa = PBXGroup;
			children = (
				F01B60F52AC1422A0049E7FD /* Register */,
				F0A4C5732ABD625E003E4B62 /* Login */,
			);
			path = View;
			sourceTree = "<group>";
		};
		F0A4C5C02ABF38E4003E4B62 /* Service */ = {
			isa = PBXGroup;
			children = (
				F0A4C5C22ABF3904003E4B62 /* AuthService.swift */,
			);
			path = Service;
			sourceTree = "<group>";
		};
		F0A4C5C12ABF38F4003E4B62 /* ViewModel */ = {
			isa = PBXGroup;
			children = (
				F0A4C5C82ABF3C18003E4B62 /* RegistrationViewModel.swift */,
				F0A4C5CA2ABF4564003E4B62 /* LoginViewModel.swift */,
			);
			path = ViewModel;
			sourceTree = "<group>";
		};
		F0A4C5C42ABF39BB003E4B62 /* Root */ = {
			isa = PBXGroup;
			children = (
				F0A4C5C62ABF39D7003E4B62 /* RootView.swift */,
				F01B60E92AC13EC30049E7FD /* RootViewModel.swift */,
			);
			path = Root;
			sourceTree = "<group>";
		};
		F0A4C5CC2ABF4771003E4B62 /* Model */ = {
			isa = PBXGroup;
			children = (
				F01B61032AC1F3330049E7FD /* Comment */,
				F0A4C5CE2ABF4779003E4B62 /* Post */,
				F0A4C5CD2ABF4775003E4B62 /* User */,
			);
			path = Model;
			sourceTree = "<group>";
		};
		F0A4C5CD2ABF4775003E4B62 /* User */ = {
			isa = PBXGroup;
			children = (
				F0A4C5CF2ABF4786003E4B62 /* User.swift */,
			);
			path = User;
			sourceTree = "<group>";
		};
		F0A4C5CE2ABF4779003E4B62 /* Post */ = {
			isa = PBXGroup;
			children = (
				F008D2EF2AC0E4E200D7ABC4 /* Post.swift */,
			);
			path = Post;
			sourceTree = "<group>";
		};
		F0FB2C592AB8F39800C5A089 = {
			isa = PBXGroup;
			children = (
				F0FB2C642AB8F39800C5A089 /* InstagramSwiftUI */,
				F0FB2C632AB8F39800C5A089 /* Products */,
			);
			sourceTree = "<group>";
		};
		F0FB2C632AB8F39800C5A089 /* Products */ = {
			isa = PBXGroup;
			children = (
				F0FB2C622AB8F39800C5A089 /* InstagramSwiftUI.app */,
			);
			name = Products;
			sourceTree = "<group>";
		};
		F0FB2C642AB8F39800C5A089 /* InstagramSwiftUI */ = {
			isa = PBXGroup;
			children = (
				F0FB2C652AB8F39800C5A089 /* InstagramSwiftUIApp.swift */,
				F0A4C5842ABF375A003E4B62 /* GoogleService-Info.plist */,
				F008503E2ABF9382003BA8A4 /* Managers */,
				F0FB2C732AB8F43C00C5A089 /* Core */,
				F0FB2C692AB8F39B00C5A089 /* Assets.xcassets */,
				F0FB2C6B2AB8F39B00C5A089 /* Preview Content */,
			);
			path = InstagramSwiftUI;
			sourceTree = "<group>";
		};
		F0FB2C6B2AB8F39B00C5A089 /* Preview Content */ = {
			isa = PBXGroup;
			children = (
				F0FB2C6C2AB8F39B00C5A089 /* Preview Assets.xcassets */,
			);
			path = "Preview Content";
			sourceTree = "<group>";
		};
		F0FB2C732AB8F43C00C5A089 /* Core */ = {
			isa = PBXGroup;
			children = (
				F0A4C5BE2ABF38C0003E4B62 /* Authentication */,
				F0A4C5772ABD67A0003E4B62 /* Components */,
				F0FB2C762AB8F45500C5A089 /* Home */,
				F0A4C5CC2ABF4771003E4B62 /* Model */,
				F00850392ABF89FC003BA8A4 /* Search */,
				F01B60FB2AC164C80049E7FD /* Posts */,
				F0FB2C772AB8F45C00C5A089 /* Profile */,
				F0A4C5C42ABF39BB003E4B62 /* Root */,
				F0FB2C742AB8F44200C5A089 /* TabBar */,
				F0A4C5702ABD5AAE003E4B62 /* Upload */,
			);
			path = Core;
			sourceTree = "<group>";
		};
		F0FB2C742AB8F44200C5A089 /* TabBar */ = {
			isa = PBXGroup;
			children = (
				F0FB2C672AB8F39800C5A089 /* MainTabView.swift */,
			);
			path = TabBar;
			sourceTree = "<group>";
		};
		F0FB2C762AB8F45500C5A089 /* Home */ = {
			isa = PBXGroup;
			children = (
				F0FB2C7D2AB9194300C5A089 /* HomeView.swift */,
				F01B60ED2AC13F750049E7FD /* HomeViewModel.swift */,
				F0FB2C7F2AB9195000C5A089 /* SubViews */,
			);
			path = Home;
			sourceTree = "<group>";
		};
		F0FB2C772AB8F45C00C5A089 /* Profile */ = {
			isa = PBXGroup;
			children = (
				F00850432ABF9B27003BA8A4 /* ProfileFactory.swift */,
				F0FB2C782AB8F53B00C5A089 /* ProfileView.swift */,
				F01B60F62AC153400049E7FD /* ProfileViewModel.swift */,
				F008503C2ABF90EE003BA8A4 /* UserProfileView.swift */,
				F03E2ED72AC23B38000724D4 /* UserProfileViewModel.swift */,
				F00850452ABF9D5A003BA8A4 /* EditProfileView.swift */,
				F01B60F92AC15ACC0049E7FD /* EditProfileViewModel.swift */,
				F0FB2C7A2AB8F5B800C5A089 /* SubViews */,
			);
			path = Profile;
			sourceTree = "<group>";
		};
		F0FB2C7A2AB8F5B800C5A089 /* SubViews */ = {
			isa = PBXGroup;
			children = (
				F0FB2C7B2AB8F5CB00C5A089 /* ProfileStatsView.swift */,
				F01B60E52AC121B10049E7FD /* PostGridView.swift */,
				F01B60F32AC141570049E7FD /* PostGridViewModel.swift */,
				F01B60F12AC140000049E7FD /* ProfileHeaderView.swift */,
			);
			path = SubViews;
			sourceTree = "<group>";
		};
		F0FB2C7F2AB9195000C5A089 /* SubViews */ = {
			isa = PBXGroup;
			children = (
				F0FB2C802AB9195B00C5A089 /* HomeItemView.swift */,
				F03E2ED32AC23AB4000724D4 /* HomeItemViewModel.swift */,
				F03E2ED12AC2040B000724D4 /* CommentView.swift */,
				F03E2ED52AC23AFB000724D4 /* CommentViewModel.swift */,
			);
			path = SubViews;
			sourceTree = "<group>";
		};
/* End PBXGroup section */

/* Begin PBXNativeTarget section */
		F0FB2C612AB8F39800C5A089 /* InstagramSwiftUI */ = {
			isa = PBXNativeTarget;
			buildConfigurationList = F0FB2C702AB8F39B00C5A089 /* Build configuration list for PBXNativeTarget "InstagramSwiftUI" */;
			buildPhases = (
				F0FB2C5E2AB8F39800C5A089 /* Sources */,
				F0FB2C5F2AB8F39800C5A089 /* Frameworks */,
				F0FB2C602AB8F39800C5A089 /* Resources */,
			);
			buildRules = (
			);
			dependencies = (
			);
			name = InstagramSwiftUI;
			packageProductDependencies = (
				F0A4C5872ABF3772003E4B62 /* FirebaseAnalytics */,
				F0A4C5892ABF3772003E4B62 /* FirebaseAnalyticsOnDeviceConversion */,
				F0A4C58B2ABF3772003E4B62 /* FirebaseAnalyticsSwift */,
				F0A4C58D2ABF3772003E4B62 /* FirebaseAnalyticsWithoutAdIdSupport */,
				F0A4C58F2ABF3772003E4B62 /* FirebaseAppCheck */,
				F0A4C5912ABF3772003E4B62 /* FirebaseAppDistribution-Beta */,
				F0A4C5932ABF3772003E4B62 /* FirebaseAuth */,
				F0A4C5952ABF3772003E4B62 /* FirebaseAuthCombine-Community */,
				F0A4C5972ABF3772003E4B62 /* FirebaseCrashlytics */,
				F0A4C5992ABF3772003E4B62 /* FirebaseDatabase */,
				F0A4C59B2ABF3772003E4B62 /* FirebaseDatabaseSwift */,
				F0A4C59D2ABF3772003E4B62 /* FirebaseDynamicLinks */,
				F0A4C59F2ABF3772003E4B62 /* FirebaseFirestore */,
				F0A4C5A12ABF3772003E4B62 /* FirebaseFirestoreCombine-Community */,
				F0A4C5A32ABF3772003E4B62 /* FirebaseFirestoreSwift */,
				F0A4C5A52ABF3772003E4B62 /* FirebaseFunctions */,
				F0A4C5A72ABF3772003E4B62 /* FirebaseFunctionsCombine-Community */,
				F0A4C5A92ABF3772003E4B62 /* FirebaseInAppMessaging-Beta */,
				F0A4C5AB2ABF3772003E4B62 /* FirebaseInAppMessagingSwift-Beta */,
				F0A4C5AD2ABF3772003E4B62 /* FirebaseInstallations */,
				F0A4C5AF2ABF3772003E4B62 /* FirebaseMLModelDownloader */,
				F0A4C5B12ABF3772003E4B62 /* FirebaseMessaging */,
				F0A4C5B32ABF3772003E4B62 /* FirebasePerformance */,
				F0A4C5B52ABF3772003E4B62 /* FirebaseRemoteConfig */,
				F0A4C5B72ABF3772003E4B62 /* FirebaseRemoteConfigSwift */,
				F0A4C5B92ABF3772003E4B62 /* FirebaseStorage */,
				F0A4C5BB2ABF3772003E4B62 /* FirebaseStorageCombine-Community */,
				F008D2EB2AC0DD2300D7ABC4 /* Kingfisher */,
			);
			productName = InstagramSwiftUI;
			productReference = F0FB2C622AB8F39800C5A089 /* InstagramSwiftUI.app */;
			productType = "com.apple.product-type.application";
		};
/* End PBXNativeTarget section */

/* Begin PBXProject section */
		F0FB2C5A2AB8F39800C5A089 /* Project object */ = {
			isa = PBXProject;
			attributes = {
				BuildIndependentTargetsInParallel = 1;
				LastSwiftUpdateCheck = 1500;
				LastUpgradeCheck = 1500;
				TargetAttributes = {
					F0FB2C612AB8F39800C5A089 = {
						CreatedOnToolsVersion = 15.0;
					};
				};
			};
			buildConfigurationList = F0FB2C5D2AB8F39800C5A089 /* Build configuration list for PBXProject "InstagramSwiftUI" */;
			compatibilityVersion = "Xcode 14.0";
			developmentRegion = en;
			hasScannedForEncodings = 0;
			knownRegions = (
				en,
				Base,
			);
			mainGroup = F0FB2C592AB8F39800C5A089;
			packageReferences = (
				F0A4C5862ABF3772003E4B62 /* XCRemoteSwiftPackageReference "firebase-ios-sdk" */,
				F008D2EA2AC0DD2300D7ABC4 /* XCRemoteSwiftPackageReference "Kingfisher" */,
			);
			productRefGroup = F0FB2C632AB8F39800C5A089 /* Products */;
			projectDirPath = "";
			projectRoot = "";
			targets = (
				F0FB2C612AB8F39800C5A089 /* InstagramSwiftUI */,
			);
		};
/* End PBXProject section */

/* Begin PBXResourcesBuildPhase section */
		F0FB2C602AB8F39800C5A089 /* Resources */ = {
			isa = PBXResourcesBuildPhase;
			buildActionMask = 2147483647;
			files = (
				F0FB2C6D2AB8F39B00C5A089 /* Preview Assets.xcassets in Resources */,
				F0FB2C6A2AB8F39B00C5A089 /* Assets.xcassets in Resources */,
				F0A4C5852ABF375A003E4B62 /* GoogleService-Info.plist in Resources */,
			);
			runOnlyForDeploymentPostprocessing = 0;
		};
/* End PBXResourcesBuildPhase section */

/* Begin PBXSourcesBuildPhase section */
		F0FB2C5E2AB8F39800C5A089 /* Sources */ = {
			isa = PBXSourcesBuildPhase;
			buildActionMask = 2147483647;
			files = (
				F0A4C57D2ABD6A76003E4B62 /* CreateUsernameView.swift in Sources */,
				F008503B2ABF8A0C003BA8A4 /* SearchView.swift in Sources */,
				F0FB2C7C2AB8F5CB00C5A089 /* ProfileStatsView.swift in Sources */,
				F01B60EE2AC13F750049E7FD /* HomeViewModel.swift in Sources */,
				F0FB2C812AB9195B00C5A089 /* HomeItemView.swift in Sources */,
				F01B60E62AC121B10049E7FD /* PostGridView.swift in Sources */,
				F0FB2C682AB8F39800C5A089 /* MainTabView.swift in Sources */,
				F01B60E42AC11F670049E7FD /* PostManager.swift in Sources */,
				F0FB2C662AB8F39800C5A089 /* InstagramSwiftUIApp.swift in Sources */,
				F0A4C5722ABD5ABE003E4B62 /* UploadView.swift in Sources */,
				F0A4C57B2ABD6868003E4B62 /* AddEmailView.swift in Sources */,
				F01B60EA2AC13EC30049E7FD /* RootViewModel.swift in Sources */,
				F03E2ED62AC23AFB000724D4 /* CommentViewModel.swift in Sources */,
				F0A4C57F2ABD6B41003E4B62 /* PasswordView.swift in Sources */,
				F01B60F22AC140000049E7FD /* ProfileHeaderView.swift in Sources */,
				F01B60FF2AC1691E0049E7FD /* PostsViewModel.swift in Sources */,
				F008D2EE2AC0DE0B00D7ABC4 /* IGCircularProfileImageView.swift in Sources */,
				F00850402ABF9394003BA8A4 /* UserManager.swift in Sources */,
				F03E2ED82AC23B38000724D4 /* UserProfileViewModel.swift in Sources */,
				F0A4C5812ABD6C07003E4B62 /* CompleteSignUpView.swift in Sources */,
				F03E2ED22AC2040B000724D4 /* CommentView.swift in Sources */,
				F01B60FD2AC164D40049E7FD /* PostsView.swift in Sources */,
				F0FB2C7E2AB9194300C5A089 /* HomeView.swift in Sources */,
				F01B60F42AC141570049E7FD /* PostGridViewModel.swift in Sources */,
				F0A4C5CB2ABF4564003E4B62 /* LoginViewModel.swift in Sources */,
				F0A4C5762ABD627A003E4B62 /* LoginView.swift in Sources */,
				F0A4C5792ABD67BA003E4B62 /* IGTextFieldModifier.swift in Sources */,
				F01B60E82AC13E940049E7FD /* SearchViewModel.swift in Sources */,
				F008D2E92AC0A97400D7ABC4 /* StorageManager.swift in Sources */,
				F01B60FA2AC15ACC0049E7FD /* EditProfileViewModel.swift in Sources */,
				F008D2F02AC0E4E200D7ABC4 /* Post.swift in Sources */,
				F0FB2C792AB8F53B00C5A089 /* ProfileView.swift in Sources */,
				F008503D2ABF90EE003BA8A4 /* UserProfileView.swift in Sources */,
				F0A4C5D02ABF4786003E4B62 /* User.swift in Sources */,
				F00850462ABF9D5A003BA8A4 /* EditProfileView.swift in Sources */,
				F00850442ABF9B27003BA8A4 /* ProfileFactory.swift in Sources */,
				F0A4C5C92ABF3C18003E4B62 /* RegistrationViewModel.swift in Sources */,
				F01B61052AC1F3440049E7FD /* Comment.swift in Sources */,
				F0A4C5C32ABF3904003E4B62 /* AuthService.swift in Sources */,
				F01B60EC2AC13EFD0049E7FD /* UploadViewModel.swift in Sources */,
				F0A4C5C72ABF39D7003E4B62 /* RootView.swift in Sources */,
				F01B60F72AC153400049E7FD /* ProfileViewModel.swift in Sources */,
				F03E2ED42AC23AB4000724D4 /* HomeItemViewModel.swift in Sources */,
			);
			runOnlyForDeploymentPostprocessing = 0;
		};
/* End PBXSourcesBuildPhase section */

/* Begin XCBuildConfiguration section */
		F0FB2C6E2AB8F39B00C5A089 /* Debug */ = {
			isa = XCBuildConfiguration;
			buildSettings = {
				ALWAYS_SEARCH_USER_PATHS = NO;
				ASSETCATALOG_COMPILER_GENERATE_SWIFT_ASSET_SYMBOL_EXTENSIONS = YES;
				CLANG_ANALYZER_NONNULL = YES;
				CLANG_ANALYZER_NUMBER_OBJECT_CONVERSION = YES_AGGRESSIVE;
				CLANG_CXX_LANGUAGE_STANDARD = "gnu++20";
				CLANG_ENABLE_MODULES = YES;
				CLANG_ENABLE_OBJC_ARC = YES;
				CLANG_ENABLE_OBJC_WEAK = YES;
				CLANG_WARN_BLOCK_CAPTURE_AUTORELEASING = YES;
				CLANG_WARN_BOOL_CONVERSION = YES;
				CLANG_WARN_COMMA = YES;
				CLANG_WARN_CONSTANT_CONVERSION = YES;
				CLANG_WARN_DEPRECATED_OBJC_IMPLEMENTATIONS = YES;
				CLANG_WARN_DIRECT_OBJC_ISA_USAGE = YES_ERROR;
				CLANG_WARN_DOCUMENTATION_COMMENTS = YES;
				CLANG_WARN_EMPTY_BODY = YES;
				CLANG_WARN_ENUM_CONVERSION = YES;
				CLANG_WARN_INFINITE_RECURSION = YES;
				CLANG_WARN_INT_CONVERSION = YES;
				CLANG_WARN_NON_LITERAL_NULL_CONVERSION = YES;
				CLANG_WARN_OBJC_IMPLICIT_RETAIN_SELF = YES;
				CLANG_WARN_OBJC_LITERAL_CONVERSION = YES;
				CLANG_WARN_OBJC_ROOT_CLASS = YES_ERROR;
				CLANG_WARN_QUOTED_INCLUDE_IN_FRAMEWORK_HEADER = YES;
				CLANG_WARN_RANGE_LOOP_ANALYSIS = YES;
				CLANG_WARN_STRICT_PROTOTYPES = YES;
				CLANG_WARN_SUSPICIOUS_MOVE = YES;
				CLANG_WARN_UNGUARDED_AVAILABILITY = YES_AGGRESSIVE;
				CLANG_WARN_UNREACHABLE_CODE = YES;
				CLANG_WARN__DUPLICATE_METHOD_MATCH = YES;
				COPY_PHASE_STRIP = NO;
				DEBUG_INFORMATION_FORMAT = dwarf;
				ENABLE_STRICT_OBJC_MSGSEND = YES;
				ENABLE_TESTABILITY = YES;
				ENABLE_USER_SCRIPT_SANDBOXING = YES;
				GCC_C_LANGUAGE_STANDARD = gnu17;
				GCC_DYNAMIC_NO_PIC = NO;
				GCC_NO_COMMON_BLOCKS = YES;
				GCC_OPTIMIZATION_LEVEL = 0;
				GCC_PREPROCESSOR_DEFINITIONS = (
					"DEBUG=1",
					"$(inherited)",
				);
				GCC_WARN_64_TO_32_BIT_CONVERSION = YES;
				GCC_WARN_ABOUT_RETURN_TYPE = YES_ERROR;
				GCC_WARN_UNDECLARED_SELECTOR = YES;
				GCC_WARN_UNINITIALIZED_AUTOS = YES_AGGRESSIVE;
				GCC_WARN_UNUSED_FUNCTION = YES;
				GCC_WARN_UNUSED_VARIABLE = YES;
				IPHONEOS_DEPLOYMENT_TARGET = 17.0;
				LOCALIZATION_PREFERS_STRING_CATALOGS = YES;
				MTL_ENABLE_DEBUG_INFO = INCLUDE_SOURCE;
				MTL_FAST_MATH = YES;
				ONLY_ACTIVE_ARCH = YES;
				SDKROOT = iphoneos;
				SWIFT_ACTIVE_COMPILATION_CONDITIONS = "DEBUG $(inherited)";
				SWIFT_OPTIMIZATION_LEVEL = "-Onone";
			};
			name = Debug;
		};
		F0FB2C6F2AB8F39B00C5A089 /* Release */ = {
			isa = XCBuildConfiguration;
			buildSettings = {
				ALWAYS_SEARCH_USER_PATHS = NO;
				ASSETCATALOG_COMPILER_GENERATE_SWIFT_ASSET_SYMBOL_EXTENSIONS = YES;
				CLANG_ANALYZER_NONNULL = YES;
				CLANG_ANALYZER_NUMBER_OBJECT_CONVERSION = YES_AGGRESSIVE;
				CLANG_CXX_LANGUAGE_STANDARD = "gnu++20";
				CLANG_ENABLE_MODULES = YES;
				CLANG_ENABLE_OBJC_ARC = YES;
				CLANG_ENABLE_OBJC_WEAK = YES;
				CLANG_WARN_BLOCK_CAPTURE_AUTORELEASING = YES;
				CLANG_WARN_BOOL_CONVERSION = YES;
				CLANG_WARN_COMMA = YES;
				CLANG_WARN_CONSTANT_CONVERSION = YES;
				CLANG_WARN_DEPRECATED_OBJC_IMPLEMENTATIONS = YES;
				CLANG_WARN_DIRECT_OBJC_ISA_USAGE = YES_ERROR;
				CLANG_WARN_DOCUMENTATION_COMMENTS = YES;
				CLANG_WARN_EMPTY_BODY = YES;
				CLANG_WARN_ENUM_CONVERSION = YES;
				CLANG_WARN_INFINITE_RECURSION = YES;
				CLANG_WARN_INT_CONVERSION = YES;
				CLANG_WARN_NON_LITERAL_NULL_CONVERSION = YES;
				CLANG_WARN_OBJC_IMPLICIT_RETAIN_SELF = YES;
				CLANG_WARN_OBJC_LITERAL_CONVERSION = YES;
				CLANG_WARN_OBJC_ROOT_CLASS = YES_ERROR;
				CLANG_WARN_QUOTED_INCLUDE_IN_FRAMEWORK_HEADER = YES;
				CLANG_WARN_RANGE_LOOP_ANALYSIS = YES;
				CLANG_WARN_STRICT_PROTOTYPES = YES;
				CLANG_WARN_SUSPICIOUS_MOVE = YES;
				CLANG_WARN_UNGUARDED_AVAILABILITY = YES_AGGRESSIVE;
				CLANG_WARN_UNREACHABLE_CODE = YES;
				CLANG_WARN__DUPLICATE_METHOD_MATCH = YES;
				COPY_PHASE_STRIP = NO;
				DEBUG_INFORMATION_FORMAT = "dwarf-with-dsym";
				ENABLE_NS_ASSERTIONS = NO;
				ENABLE_STRICT_OBJC_MSGSEND = YES;
				ENABLE_USER_SCRIPT_SANDBOXING = YES;
				GCC_C_LANGUAGE_STANDARD = gnu17;
				GCC_NO_COMMON_BLOCKS = YES;
				GCC_WARN_64_TO_32_BIT_CONVERSION = YES;
				GCC_WARN_ABOUT_RETURN_TYPE = YES_ERROR;
				GCC_WARN_UNDECLARED_SELECTOR = YES;
				GCC_WARN_UNINITIALIZED_AUTOS = YES_AGGRESSIVE;
				GCC_WARN_UNUSED_FUNCTION = YES;
				GCC_WARN_UNUSED_VARIABLE = YES;
				IPHONEOS_DEPLOYMENT_TARGET = 17.0;
				LOCALIZATION_PREFERS_STRING_CATALOGS = YES;
				MTL_ENABLE_DEBUG_INFO = NO;
				MTL_FAST_MATH = YES;
				SDKROOT = iphoneos;
				SWIFT_COMPILATION_MODE = wholemodule;
				VALIDATE_PRODUCT = YES;
			};
			name = Release;
		};
		F0FB2C712AB8F39B00C5A089 /* Debug */ = {
			isa = XCBuildConfiguration;
			buildSettings = {
				ASSETCATALOG_COMPILER_APPICON_NAME = AppIcon;
				ASSETCATALOG_COMPILER_GLOBAL_ACCENT_COLOR_NAME = AccentColor;
				CODE_SIGN_STYLE = Automatic;
				CURRENT_PROJECT_VERSION = 1;
				DEVELOPMENT_ASSET_PATHS = "\"InstagramSwiftUI/Preview Content\"";
				DEVELOPMENT_TEAM = 4J25GM6FG4;
				ENABLE_PREVIEWS = YES;
				GENERATE_INFOPLIST_FILE = YES;
				INFOPLIST_KEY_UIApplicationSceneManifest_Generation = YES;
				INFOPLIST_KEY_UIApplicationSupportsIndirectInputEvents = YES;
				INFOPLIST_KEY_UILaunchScreen_Generation = YES;
				INFOPLIST_KEY_UISupportedInterfaceOrientations_iPad = "UIInterfaceOrientationPortrait UIInterfaceOrientationPortraitUpsideDown UIInterfaceOrientationLandscapeLeft UIInterfaceOrientationLandscapeRight";
				INFOPLIST_KEY_UISupportedInterfaceOrientations_iPhone = "UIInterfaceOrientationPortrait UIInterfaceOrientationLandscapeLeft UIInterfaceOrientationLandscapeRight";
				LD_RUNPATH_SEARCH_PATHS = (
					"$(inherited)",
					"@executable_path/Frameworks",
				);
				MARKETING_VERSION = 1.0;
				PRODUCT_BUNDLE_IDENTIFIER = ozgunaksoy.InstagramSwiftUI;
				PRODUCT_NAME = "$(TARGET_NAME)";
				SWIFT_EMIT_LOC_STRINGS = YES;
				SWIFT_VERSION = 5.0;
				TARGETED_DEVICE_FAMILY = "1,2";
			};
			name = Debug;
		};
		F0FB2C722AB8F39B00C5A089 /* Release */ = {
			isa = XCBuildConfiguration;
			buildSettings = {
				ASSETCATALOG_COMPILER_APPICON_NAME = AppIcon;
				ASSETCATALOG_COMPILER_GLOBAL_ACCENT_COLOR_NAME = AccentColor;
				CODE_SIGN_STYLE = Automatic;
				CURRENT_PROJECT_VERSION = 1;
				DEVELOPMENT_ASSET_PATHS = "\"InstagramSwiftUI/Preview Content\"";
				DEVELOPMENT_TEAM = 4J25GM6FG4;
				ENABLE_PREVIEWS = YES;
				GENERATE_INFOPLIST_FILE = YES;
				INFOPLIST_KEY_UIApplicationSceneManifest_Generation = YES;
				INFOPLIST_KEY_UIApplicationSupportsIndirectInputEvents = YES;
				INFOPLIST_KEY_UILaunchScreen_Generation = YES;
				INFOPLIST_KEY_UISupportedInterfaceOrientations_iPad = "UIInterfaceOrientationPortrait UIInterfaceOrientationPortraitUpsideDown UIInterfaceOrientationLandscapeLeft UIInterfaceOrientationLandscapeRight";
				INFOPLIST_KEY_UISupportedInterfaceOrientations_iPhone = "UIInterfaceOrientationPortrait UIInterfaceOrientationLandscapeLeft UIInterfaceOrientationLandscapeRight";
				LD_RUNPATH_SEARCH_PATHS = (
					"$(inherited)",
					"@executable_path/Frameworks",
				);
				MARKETING_VERSION = 1.0;
				PRODUCT_BUNDLE_IDENTIFIER = ozgunaksoy.InstagramSwiftUI;
				PRODUCT_NAME = "$(TARGET_NAME)";
				SWIFT_EMIT_LOC_STRINGS = YES;
				SWIFT_VERSION = 5.0;
				TARGETED_DEVICE_FAMILY = "1,2";
			};
			name = Release;
		};
/* End XCBuildConfiguration section */

/* Begin XCConfigurationList section */
		F0FB2C5D2AB8F39800C5A089 /* Build configuration list for PBXProject "InstagramSwiftUI" */ = {
			isa = XCConfigurationList;
			buildConfigurations = (
				F0FB2C6E2AB8F39B00C5A089 /* Debug */,
				F0FB2C6F2AB8F39B00C5A089 /* Release */,
			);
			defaultConfigurationIsVisible = 0;
			defaultConfigurationName = Release;
		};
		F0FB2C702AB8F39B00C5A089 /* Build configuration list for PBXNativeTarget "InstagramSwiftUI" */ = {
			isa = XCConfigurationList;
			buildConfigurations = (
				F0FB2C712AB8F39B00C5A089 /* Debug */,
				F0FB2C722AB8F39B00C5A089 /* Release */,
			);
			defaultConfigurationIsVisible = 0;
			defaultConfigurationName = Release;
		};
/* End XCConfigurationList section */

/* Begin XCRemoteSwiftPackageReference section */
		F008D2EA2AC0DD2300D7ABC4 /* XCRemoteSwiftPackageReference "Kingfisher" */ = {
			isa = XCRemoteSwiftPackageReference;
			repositoryURL = "https://github.com/onevcat/Kingfisher.git";
			requirement = {
				kind = upToNextMajorVersion;
				minimumVersion = 7.9.1;
			};
		};
		F0A4C5862ABF3772003E4B62 /* XCRemoteSwiftPackageReference "firebase-ios-sdk" */ = {
			isa = XCRemoteSwiftPackageReference;
			repositoryURL = "https://github.com/firebase/firebase-ios-sdk";
			requirement = {
				kind = upToNextMajorVersion;
				minimumVersion = 10.15.0;
			};
		};
/* End XCRemoteSwiftPackageReference section */

/* Begin XCSwiftPackageProductDependency section */
		F008D2EB2AC0DD2300D7ABC4 /* Kingfisher */ = {
			isa = XCSwiftPackageProductDependency;
			package = F008D2EA2AC0DD2300D7ABC4 /* XCRemoteSwiftPackageReference "Kingfisher" */;
			productName = Kingfisher;
		};
		F0A4C5872ABF3772003E4B62 /* FirebaseAnalytics */ = {
			isa = XCSwiftPackageProductDependency;
			package = F0A4C5862ABF3772003E4B62 /* XCRemoteSwiftPackageReference "firebase-ios-sdk" */;
			productName = FirebaseAnalytics;
		};
		F0A4C5892ABF3772003E4B62 /* FirebaseAnalyticsOnDeviceConversion */ = {
			isa = XCSwiftPackageProductDependency;
			package = F0A4C5862ABF3772003E4B62 /* XCRemoteSwiftPackageReference "firebase-ios-sdk" */;
			productName = FirebaseAnalyticsOnDeviceConversion;
		};
		F0A4C58B2ABF3772003E4B62 /* FirebaseAnalyticsSwift */ = {
			isa = XCSwiftPackageProductDependency;
			package = F0A4C5862ABF3772003E4B62 /* XCRemoteSwiftPackageReference "firebase-ios-sdk" */;
			productName = FirebaseAnalyticsSwift;
		};
		F0A4C58D2ABF3772003E4B62 /* FirebaseAnalyticsWithoutAdIdSupport */ = {
			isa = XCSwiftPackageProductDependency;
			package = F0A4C5862ABF3772003E4B62 /* XCRemoteSwiftPackageReference "firebase-ios-sdk" */;
			productName = FirebaseAnalyticsWithoutAdIdSupport;
		};
		F0A4C58F2ABF3772003E4B62 /* FirebaseAppCheck */ = {
			isa = XCSwiftPackageProductDependency;
			package = F0A4C5862ABF3772003E4B62 /* XCRemoteSwiftPackageReference "firebase-ios-sdk" */;
			productName = FirebaseAppCheck;
		};
		F0A4C5912ABF3772003E4B62 /* FirebaseAppDistribution-Beta */ = {
			isa = XCSwiftPackageProductDependency;
			package = F0A4C5862ABF3772003E4B62 /* XCRemoteSwiftPackageReference "firebase-ios-sdk" */;
			productName = "FirebaseAppDistribution-Beta";
		};
		F0A4C5932ABF3772003E4B62 /* FirebaseAuth */ = {
			isa = XCSwiftPackageProductDependency;
			package = F0A4C5862ABF3772003E4B62 /* XCRemoteSwiftPackageReference "firebase-ios-sdk" */;
			productName = FirebaseAuth;
		};
		F0A4C5952ABF3772003E4B62 /* FirebaseAuthCombine-Community */ = {
			isa = XCSwiftPackageProductDependency;
			package = F0A4C5862ABF3772003E4B62 /* XCRemoteSwiftPackageReference "firebase-ios-sdk" */;
			productName = "FirebaseAuthCombine-Community";
		};
		F0A4C5972ABF3772003E4B62 /* FirebaseCrashlytics */ = {
			isa = XCSwiftPackageProductDependency;
			package = F0A4C5862ABF3772003E4B62 /* XCRemoteSwiftPackageReference "firebase-ios-sdk" */;
			productName = FirebaseCrashlytics;
		};
		F0A4C5992ABF3772003E4B62 /* FirebaseDatabase */ = {
			isa = XCSwiftPackageProductDependency;
			package = F0A4C5862ABF3772003E4B62 /* XCRemoteSwiftPackageReference "firebase-ios-sdk" */;
			productName = FirebaseDatabase;
		};
		F0A4C59B2ABF3772003E4B62 /* FirebaseDatabaseSwift */ = {
			isa = XCSwiftPackageProductDependency;
			package = F0A4C5862ABF3772003E4B62 /* XCRemoteSwiftPackageReference "firebase-ios-sdk" */;
			productName = FirebaseDatabaseSwift;
		};
		F0A4C59D2ABF3772003E4B62 /* FirebaseDynamicLinks */ = {
			isa = XCSwiftPackageProductDependency;
			package = F0A4C5862ABF3772003E4B62 /* XCRemoteSwiftPackageReference "firebase-ios-sdk" */;
			productName = FirebaseDynamicLinks;
		};
		F0A4C59F2ABF3772003E4B62 /* FirebaseFirestore */ = {
			isa = XCSwiftPackageProductDependency;
			package = F0A4C5862ABF3772003E4B62 /* XCRemoteSwiftPackageReference "firebase-ios-sdk" */;
			productName = FirebaseFirestore;
		};
		F0A4C5A12ABF3772003E4B62 /* FirebaseFirestoreCombine-Community */ = {
			isa = XCSwiftPackageProductDependency;
			package = F0A4C5862ABF3772003E4B62 /* XCRemoteSwiftPackageReference "firebase-ios-sdk" */;
			productName = "FirebaseFirestoreCombine-Community";
		};
		F0A4C5A32ABF3772003E4B62 /* FirebaseFirestoreSwift */ = {
			isa = XCSwiftPackageProductDependency;
			package = F0A4C5862ABF3772003E4B62 /* XCRemoteSwiftPackageReference "firebase-ios-sdk" */;
			productName = FirebaseFirestoreSwift;
		};
		F0A4C5A52ABF3772003E4B62 /* FirebaseFunctions */ = {
			isa = XCSwiftPackageProductDependency;
			package = F0A4C5862ABF3772003E4B62 /* XCRemoteSwiftPackageReference "firebase-ios-sdk" */;
			productName = FirebaseFunctions;
		};
		F0A4C5A72ABF3772003E4B62 /* FirebaseFunctionsCombine-Community */ = {
			isa = XCSwiftPackageProductDependency;
			package = F0A4C5862ABF3772003E4B62 /* XCRemoteSwiftPackageReference "firebase-ios-sdk" */;
			productName = "FirebaseFunctionsCombine-Community";
		};
		F0A4C5A92ABF3772003E4B62 /* FirebaseInAppMessaging-Beta */ = {
			isa = XCSwiftPackageProductDependency;
			package = F0A4C5862ABF3772003E4B62 /* XCRemoteSwiftPackageReference "firebase-ios-sdk" */;
			productName = "FirebaseInAppMessaging-Beta";
		};
		F0A4C5AB2ABF3772003E4B62 /* FirebaseInAppMessagingSwift-Beta */ = {
			isa = XCSwiftPackageProductDependency;
			package = F0A4C5862ABF3772003E4B62 /* XCRemoteSwiftPackageReference "firebase-ios-sdk" */;
			productName = "FirebaseInAppMessagingSwift-Beta";
		};
		F0A4C5AD2ABF3772003E4B62 /* FirebaseInstallations */ = {
			isa = XCSwiftPackageProductDependency;
			package = F0A4C5862ABF3772003E4B62 /* XCRemoteSwiftPackageReference "firebase-ios-sdk" */;
			productName = FirebaseInstallations;
		};
		F0A4C5AF2ABF3772003E4B62 /* FirebaseMLModelDownloader */ = {
			isa = XCSwiftPackageProductDependency;
			package = F0A4C5862ABF3772003E4B62 /* XCRemoteSwiftPackageReference "firebase-ios-sdk" */;
			productName = FirebaseMLModelDownloader;
		};
		F0A4C5B12ABF3772003E4B62 /* FirebaseMessaging */ = {
			isa = XCSwiftPackageProductDependency;
			package = F0A4C5862ABF3772003E4B62 /* XCRemoteSwiftPackageReference "firebase-ios-sdk" */;
			productName = FirebaseMessaging;
		};
		F0A4C5B32ABF3772003E4B62 /* FirebasePerformance */ = {
			isa = XCSwiftPackageProductDependency;
			package = F0A4C5862ABF3772003E4B62 /* XCRemoteSwiftPackageReference "firebase-ios-sdk" */;
			productName = FirebasePerformance;
		};
		F0A4C5B52ABF3772003E4B62 /* FirebaseRemoteConfig */ = {
			isa = XCSwiftPackageProductDependency;
			package = F0A4C5862ABF3772003E4B62 /* XCRemoteSwiftPackageReference "firebase-ios-sdk" */;
			productName = FirebaseRemoteConfig;
		};
		F0A4C5B72ABF3772003E4B62 /* FirebaseRemoteConfigSwift */ = {
			isa = XCSwiftPackageProductDependency;
			package = F0A4C5862ABF3772003E4B62 /* XCRemoteSwiftPackageReference "firebase-ios-sdk" */;
			productName = FirebaseRemoteConfigSwift;
		};
		F0A4C5B92ABF3772003E4B62 /* FirebaseStorage */ = {
			isa = XCSwiftPackageProductDependency;
			package = F0A4C5862ABF3772003E4B62 /* XCRemoteSwiftPackageReference "firebase-ios-sdk" */;
			productName = FirebaseStorage;
		};
		F0A4C5BB2ABF3772003E4B62 /* FirebaseStorageCombine-Community */ = {
			isa = XCSwiftPackageProductDependency;
			package = F0A4C5862ABF3772003E4B62 /* XCRemoteSwiftPackageReference "firebase-ios-sdk" */;
			productName = "FirebaseStorageCombine-Community";
		};
/* End XCSwiftPackageProductDependency section */
	};
	rootObject = F0FB2C5A2AB8F39800C5A089 /* Project object */;
}
